github.com/456vv/vconn v1.0.1 h1:kl6wxMOy2LqXJLRqsOM+wV4/A7nAL1+QlUqZKrDI7rg=
github.com/456vv/vconn v1.0.1/go.mod h1:9hscPlLw7MQEXB//8cpbpbD/hNYYnYsbdTHmHs+BZOI=
github.com/456vv/vconnpool v1.1.0 h1:gFxSWme97wLfXE2PLBsnshZh0JRQwilEmJE7AkoKwcc=
github.com/456vv/vconnpool v1.1.0/go.mod h1:eTD2J7mBlL9j6eMliyU33UCcFW2UJBBWllrCLvQEtes=
github.com/456vv/vmap/v2 v2.2.4 h1:w8OyF9YJm4f4JrLFGZWmiKEU7T4FV+9tGbCbEY1/8IE=
github.com/456vv/vmap/v2 v2.2.4/go.mod h1:xnxHTe4fSKfl+sC6HTl2tz7qa3kMnN56VbqugzEY6rU=
